
Microsoft Visual Studio Solution File, Format Version 12.00
# Visual Studio Version 17
VisualStudioVersion = 17.13.35931.197 d17.13
MinimumVisualStudioVersion = 10.0.40219.1
Project("{FAE04EC0-301F-11D3-BF4B-00C04F79EFBC}") = "LGAI.DDU.Activities", "LGAI.DDU.Activities\LGAI.DDU.Activities\LGAI.DDU.Activities.csproj", "{8B14E8E1-7096-4E9B-B5CE-48A12C67B112}"
EndProject
Project("{FAE04EC0-301F-11D3-BF4B-00C04F79EFBC}") = "LGAI.DDU.Activities.Packaging", "LGAI.DDU.Activities\LGAI.DDU.Activities.Packaging\LGAI.DDU.Activities.Packaging.csproj", "{1A08316B-2DED-4348-9657-D768A9ADE7DA}"
EndProject
Project("{FAE04EC0-301F-11D3-BF4B-00C04F79EFBC}") = "LGAI.DDU.Activities.Tests", "LGAI.DDU.Activities\LGAI.DDU.Activities.Tests\LGAI.DDU.Activities.Tests.csproj", "{66806460-C1C5-42F4-B9E6-168F8930A338}"
EndProject
Global
	GlobalSection(SolutionConfigurationPlatforms) = preSolution
		Debug|Any CPU = Debug|Any CPU
		Release|Any CPU = Release|Any CPU
	EndGlobalSection
	GlobalSection(ProjectConfigurationPlatforms) = postSolution
		{8B14E8E1-7096-4E9B-B5CE-48A12C67B112}.Debug|Any CPU.ActiveCfg = Debug|Any CPU
		{8B14E8E1-7096-4E9B-B5CE-48A12C67B112}.Debug|Any CPU.Build.0 = Debug|Any CPU
		{8B14E8E1-7096-4E9B-B5CE-48A12C67B112}.Release|Any CPU.ActiveCfg = Release|Any CPU
		{8B14E8E1-7096-4E9B-B5CE-48A12C67B112}.Release|Any CPU.Build.0 = Release|Any CPU
		{1A08316B-2DED-4348-9657-D768A9ADE7DA}.Debug|Any CPU.ActiveCfg = Debug|Any CPU
		{1A08316B-2DED-4348-9657-D768A9ADE7DA}.Debug|Any CPU.Build.0 = Debug|Any CPU
		{1A08316B-2DED-4348-9657-D768A9ADE7DA}.Release|Any CPU.ActiveCfg = Release|Any CPU
		{1A08316B-2DED-4348-9657-D768A9ADE7DA}.Release|Any CPU.Build.0 = Release|Any CPU
		{66806460-C1C5-42F4-B9E6-168F8930A338}.Debug|Any CPU.ActiveCfg = Debug|Any CPU
		{66806460-C1C5-42F4-B9E6-168F8930A338}.Debug|Any CPU.Build.0 = Debug|Any CPU
		{66806460-C1C5-42F4-B9E6-168F8930A338}.Release|Any CPU.ActiveCfg = Release|Any CPU
		{66806460-C1C5-42F4-B9E6-168F8930A338}.Release|Any CPU.Build.0 = Release|Any CPU
	EndGlobalSection
	GlobalSection(SolutionProperties) = preSolution
		HideSolutionNode = FALSE
	EndGlobalSection
	GlobalSection(ExtensibilityGlobals) = postSolution
		SolutionGuid = {11490F04-D7DD-4A4A-9837-57EC019B79C5}
	EndGlobalSection
EndGlobal
